
Microsoft Visual Studio Solution File, Format Version 12.00
# Visual Studio Version 17
VisualStudioVersion = 17.10.35013.160
MinimumVisualStudioVersion = 10.0.40219.1
Project("{FAE04EC0-301F-11D3-BF4B-00C04F79EFBC}") = "ChartGraphic", "ChartGraphic\ChartGraphic.csproj", "{7FBA3EC7-E7CD-434C-8D0A-CCC5000BD676}"
EndProject
Global
	GlobalSection(SolutionConfigurationPlatforms) = preSolution
		Debug|Any CPU = Debug|Any CPU
		Release|Any CPU = Release|Any CPU
	EndGlobalSection
	GlobalSection(ProjectConfigurationPlatforms) = postSolution
		{7FBA3EC7-E7CD-434C-8D0A-CCC5000BD676}.Debug|Any CPU.ActiveCfg = Debug|Any CPU
		{7FBA3EC7-E7CD-434C-8D0A-CCC5000BD676}.Debug|Any CPU.Build.0 = Debug|Any CPU
		{7FBA3EC7-E7CD-434C-8D0A-CCC5000BD676}.Release|Any CPU.ActiveCfg = Release|Any CPU
		{7FBA3EC7-E7CD-434C-8D0A-CCC5000BD676}.Release|Any CPU.Build.0 = Release|Any CPU
	EndGlobalSection
	GlobalSection(SolutionProperties) = preSolution
		HideSolutionNode = FALSE
	EndGlobalSection
	GlobalSection(ExtensibilityGlobals) = postSolution
		SolutionGuid = {1B94BB09-28E9-46C7-86A7-DD0D3BABAECC}
	EndGlobalSection
EndGlobal
